// !$*UTF8*$!
{
	archiveVersion = 1;
	classes = {
	};
	objectVersion = 46;
	objects = {

/* Begin PBXBuildFile section */
		2734240A1A07EF760082F02E /* AppDelegate.swift in Sources */ = {isa = PBXBuildFile; fileRef = 273424091A07EF760082F02E /* AppDelegate.swift */; };
		2734240C1A07EF760082F02E /* ViewController.swift in Sources */ = {isa = PBXBuildFile; fileRef = 2734240B1A07EF760082F02E /* ViewController.swift */; };
		2734240F1A07EF760082F02E /* Main.storyboard in Resources */ = {isa = PBXBuildFile; fileRef = 2734240D1A07EF760082F02E /* Main.storyboard */; };
		273424111A07EF760082F02E /* Images.xcassets in Resources */ = {isa = PBXBuildFile; fileRef = 273424101A07EF760082F02E /* Images.xcassets */; };
		273424141A07EF760082F02E /* LaunchScreen.xib in Resources */ = {isa = PBXBuildFile; fileRef = 273424121A07EF760082F02E /* LaunchScreen.xib */; };
		273424201A07EF760082F02E /* BlurrySideBarTests.swift in Sources */ = {isa = PBXBuildFile; fileRef = 2734241F1A07EF760082F02E /* BlurrySideBarTests.swift */; };
/* End PBXBuildFile section */

/* Begin PBXContainerItemProxy section */
		2734241A1A07EF760082F02E /* PBXContainerItemProxy */ = {
			isa = PBXContainerItemProxy;
			containerPortal = 273423FC1A07EF760082F02E /* Project object */;
			proxyType = 1;
			remoteGlobalIDString = 273424031A07EF760082F02E;
			remoteInfo = BlurrySideBar;
		};
/* End PBXContainerItemProxy section */

/* Begin PBXFileReference section */
		273424041A07EF760082F02E /* BlurrySideBar.app */ = {isa = PBXFileReference; explicitFileType = wrapper.application; includeInIndex = 0; path = BlurrySideBar.app; sourceTree = BUILT_PRODUCTS_DIR; };
		273424081A07EF760082F02E /* Info.plist */ = {isa = PBXFileReference; lastKnownFileType = text.plist.xml; path = Info.plist; sourceTree = "<group>"; };
		273424091A07EF760082F02E /* AppDelegate.swift */ = {isa = PBXFileReference; lastKnownFileType = sourcecode.swift; path = AppDelegate.swift; sourceTree = "<group>"; };
		2734240B1A07EF760082F02E /* ViewController.swift */ = {isa = PBXFileReference; lastKnownFileType = sourcecode.swift; path = ViewController.swift; sourceTree = "<group>"; };
		2734240E1A07EF760082F02E /* Base */ = {isa = PBXFileReference; lastKnownFileType = file.storyboard; name = Base; path = Base.lproj/Main.storyboard; sourceTree = "<group>"; };
		273424101A07EF760082F02E /* Images.xcassets */ = {isa = PBXFileReference; lastKnownFileType = folder.assetcatalog; path = Images.xcassets; sourceTree = "<group>"; };
		273424131A07EF760082F02E /* Base */ = {isa = PBXFileReference; lastKnownFileType = file.xib; name = Base; path = Base.lproj/LaunchScreen.xib; sourceTree = "<group>"; };
		273424191A07EF760082F02E /* BlurrySideBarTests.xctest */ = {isa = PBXFileReference; explicitFileType = wrapper.cfbundle; includeInIndex = 0; path = BlurrySideBarTests.xctest; sourceTree = BUILT_PRODUCTS_DIR; };
		2734241E1A07EF760082F02E /* Info.plist */ = {isa = PBXFileReference; lastKnownFileType = text.plist.xml; path = Info.plist; sourceTree = "<group>"; };
		2734241F1A07EF760082F02E /* BlurrySideBarTests.swift */ = {isa = PBXFileReference; lastKnownFileType = sourcecode.swift; path = BlurrySideBarTests.swift; sourceTree = "<group>"; };
/* End PBXFileReference section */

/* Begin PBXFrameworksBuildPhase section */
		273424011A07EF760082F02E /* Frameworks */ = {
			isa = PBXFrameworksBuildPhase;
			buildActionMask = 2147483647;
			files = (
			);
			runOnlyForDeploymentPostprocessing = 0;
		};
		273424161A07EF760082F02E /* Frameworks */ = {
			isa = PBXFrameworksBuildPhase;
			buildActionMask = 2147483647;
			files = (
			);
			runOnlyForDeploymentPostprocessing = 0;
		};
/* End PBXFrameworksBuildPhase section */

/* Begin PBXGroup section */
		273423FB1A07EF760082F02E = {
			isa = PBXGroup;
			children = (
				273424061A07EF760082F02E /* BlurrySideBar */,
				2734241C1A07EF760082F02E /* BlurrySideBarTests */,
				273424051A07EF760082F02E /* Products */,
			);
			sourceTree = "<group>";
		};
		273424051A07EF760082F02E /* Products */ = {
			isa = PBXGroup;
			children = (
				273424041A07EF760082F02E /* BlurrySideBar.app */,
				273424191A07EF760082F02E /* BlurrySideBarTests.xctest */,
			);
			name = Products;
			sourceTree = "<group>";
		};
		273424061A07EF760082F02E /* BlurrySideBar */ = {
			isa = PBXGroup;
			children = (
				273424091A07EF760082F02E /* AppDelegate.swift */,
				2734240B1A07EF760082F02E /* ViewController.swift */,
				2734240D1A07EF760082F02E /* Main.storyboard */,
				273424101A07EF760082F02E /* Images.xcassets */,
				273424121A07EF760082F02E /* LaunchScreen.xib */,
				273424071A07EF760082F02E /* Supporting Files */,
			);
			path = BlurrySideBar;
			sourceTree = "<group>";
		};
		273424071A07EF760082F02E /* Supporting Files */ = {
			isa = PBXGroup;
			children = (
				273424081A07EF760082F02E /* Info.plist */,
			);
			name = "Supporting Files";
			sourceTree = "<group>";
		};
		2734241C1A07EF760082F02E /* BlurrySideBarTests */ = {
			isa = PBXGroup;
			children = (
				2734241F1A07EF760082F02E /* BlurrySideBarTests.swift */,
				2734241D1A07EF760082F02E /* Supporting Files */,
			);
			path = BlurrySideBarTests;
			sourceTree = "<group>";
		};
		2734241D1A07EF760082F02E /* Supporting Files */ = {
			isa = PBXGroup;
			children = (
				2734241E1A07EF760082F02E /* Info.plist */,
			);
			name = "Supporting Files";
			sourceTree = "<group>";
		};
/* End PBXGroup section */

/* Begin PBXNativeTarget section */
		273424031A07EF760082F02E /* BlurrySideBar */ = {
			isa = PBXNativeTarget;
			buildConfigurationList = 273424231A07EF760082F02E /* Build configuration list for PBXNativeTarget "BlurrySideBar" */;
			buildPhases = (
				273424001A07EF760082F02E /* Sources */,
				273424011A07EF760082F02E /* Frameworks */,
				273424021A07EF760082F02E /* Resources */,
			);
			buildRules = (
			);
			dependencies = (
			);
			name = BlurrySideBar;
			productName = BlurrySideBar;
			productReference = 273424041A07EF760082F02E /* BlurrySideBar.app */;
			productType = "com.apple.product-type.application";
		};
		273424181A07EF760082F02E /* BlurrySideBarTests */ = {
			isa = PBXNativeTarget;
			buildConfigurationList = 273424261A07EF760082F02E /* Build configuration list for PBXNativeTarget "BlurrySideBarTests" */;
			buildPhases = (
				273424151A07EF760082F02E /* Sources */,
				273424161A07EF760082F02E /* Frameworks */,
				273424171A07EF760082F02E /* Resources */,
			);
			buildRules = (
			);
			dependencies = (
				2734241B1A07EF760082F02E /* PBXTargetDependency */,
			);
			name = BlurrySideBarTests;
			productName = BlurrySideBarTests;
			productReference = 273424191A07EF760082F02E /* BlurrySideBarTests.xctest */;
			productType = "com.apple.product-type.bundle.unit-test";
		};
/* End PBXNativeTarget section */

/* Begin PBXProject section */
		273423FC1A07EF760082F02E /* Project object */ = {
			isa = PBXProject;
			attributes = {
				LastUpgradeCheck = 0610;
				ORGANIZATIONNAME = "Jorge Casariego";
				TargetAttributes = {
					273424031A07EF760082F02E = {
						CreatedOnToolsVersion = 6.1;
					};
					273424181A07EF760082F02E = {
						CreatedOnToolsVersion = 6.1;
						TestTargetID = 273424031A07EF760082F02E;
					};
				};
			};
			buildConfigurationList = 273423FF1A07EF760082F02E /* Build configuration list for PBXProject "BlurrySideBar" */;
			compatibilityVersion = "Xcode 3.2";
			developmentRegion = English;
			hasScannedForEncodings = 0;
			knownRegions = (
				en,
				Base,
			);
			mainGroup = 273423FB1A07EF760082F02E;
			productRefGroup = 273424051A07EF760082F02E /* Products */;
			projectDirPath = "";
			projectRoot = "";
			targets = (
				273424031A07EF760082F02E /* BlurrySideBar */,
				273424181A07EF760082F02E /* BlurrySideBarTests */,
			);
		};
/* End PBXProject section */

/* Begin PBXResourcesBuildPhase section */
		273424021A07EF760082F02E /* Resources */ = {
			isa = PBXResourcesBuildPhase;
			buildActionMask = 2147483647;
			files = (
				2734240F1A07EF760082F02E /* Main.storyboard in Resources */,
				273424141A07EF760082F02E /* LaunchScreen.xib in Resources */,
				273424111A07EF760082F02E /* Images.xcassets in Resources */,
			);
			runOnlyForDeploymentPostprocessing = 0;
		};
		273424171A07EF760082F02E /* Resources */ = {
			isa = PBXResourcesBuildPhase;
			buildActionMask = 2147483647;
			files = (
			);
			runOnlyForDeploymentPostprocessing = 0;
		};
/* End PBXResourcesBuildPhase section */

/* Begin PBXSourcesBuildPhase section */
		273424001A07EF760082F02E /* Sources */ = {
			isa = PBXSourcesBuildPhase;
			buildActionMask = 2147483647;
			files = (
				2734240C1A07EF760082F02E /* ViewController.swift in Sources */,
				2734240A1A07EF760082F02E /* AppDelegate.swift in Sources */,
			);
			runOnlyForDeploymentPostprocessing = 0;
		};
		273424151A07EF760082F02E /* Sources */ = {
			isa = PBXSourcesBuildPhase;
			buildActionMask = 2147483647;
			files = (
				273424201A07EF760082F02E /* BlurrySideBarTests.swift in Sources */,
			);
			runOnlyForDeploymentPostprocessing = 0;
		};
/* End PBXSourcesBuildPhase section */

/* Begin PBXTargetDependency section */
		2734241B1A07EF760082F02E /* PBXTargetDependency */ = {
			isa = PBXTargetDependency;
			target = 273424031A07EF760082F02E /* BlurrySideBar */;
			targetProxy = 2734241A1A07EF760082F02E /* PBXContainerItemProxy */;
		};
/* End PBXTargetDependency section */

/* Begin PBXVariantGroup section */
		2734240D1A07EF760082F02E /* Main.storyboard */ = {
			isa = PBXVariantGroup;
			children = (
				2734240E1A07EF760082F02E /* Base */,
			);
			name = Main.storyboard;
			sourceTree = "<group>";
		};
		273424121A07EF760082F02E /* LaunchScreen.xib */ = {
			isa = PBXVariantGroup;
			children = (
				273424131A07EF760082F02E /* Base */,
			);
			name = LaunchScreen.xib;
			sourceTree = "<group>";
		};
/* End PBXVariantGroup section */

/* Begin XCBuildConfiguration section */
		273424211A07EF760082F02E /* Debug */ = {
			isa = XCBuildConfiguration;
			buildSettings = {
				ALWAYS_SEARCH_USER_PATHS = NO;
				CLANG_CXX_LANGUAGE_STANDARD = "gnu++0x";
				CLANG_CXX_LIBRARY = "libc++";
				CLANG_ENABLE_MODULES = YES;
				CLANG_ENABLE_OBJC_ARC = YES;
				CLANG_WARN_BOOL_CONVERSION = YES;
				CLANG_WARN_CONSTANT_CONVERSION = YES;
				CLANG_WARN_DIRECT_OBJC_ISA_USAGE = YES_ERROR;
				CLANG_WARN_EMPTY_BODY = YES;
				CLANG_WARN_ENUM_CONVERSION = YES;
				CLANG_WARN_INT_CONVERSION = YES;
				CLANG_WARN_OBJC_ROOT_CLASS = YES_ERROR;
				CLANG_WARN_UNREACHABLE_CODE = YES;
				CLANG_WARN__DUPLICATE_METHOD_MATCH = YES;
				"CODE_SIGN_IDENTITY[sdk=iphoneos*]" = "iPhone Developer";
				COPY_PHASE_STRIP = NO;
				ENABLE_STRICT_OBJC_MSGSEND = YES;
				GCC_C_LANGUAGE_STANDARD = gnu99;
				GCC_DYNAMIC_NO_PIC = NO;
				GCC_OPTIMIZATION_LEVEL = 0;
				GCC_PREPROCESSOR_DEFINITIONS = (
					"DEBUG=1",
					"$(inherited)",
				);
				GCC_SYMBOLS_PRIVATE_EXTERN = NO;
				GCC_WARN_64_TO_32_BIT_CONVERSION = YES;
				GCC_WARN_ABOUT_RETURN_TYPE = YES_ERROR;
				GCC_WARN_UNDECLARED_SELECTOR = YES;
				GCC_WARN_UNINITIALIZED_AUTOS = YES_AGGRESSIVE;
				GCC_WARN_UNUSED_FUNCTION = YES;
				GCC_WARN_UNUSED_VARIABLE = YES;
				IPHONEOS_DEPLOYMENT_TARGET = 8.1;
				MTL_ENABLE_DEBUG_INFO = YES;
				ONLY_ACTIVE_ARCH = YES;
				SDKROOT = iphoneos;
				SWIFT_OPTIMIZATION_LEVEL = "-Onone";
			};
			name = Debug;
		};
		273424221A07EF760082F02E /* Release */ = {
			isa = XCBuildConfiguration;
			buildSettings = {
				ALWAYS_SEARCH_USER_PATHS = NO;
				CLANG_CXX_LANGUAGE_STANDARD = "gnu++0x";
				CLANG_CXX_LIBRARY = "libc++";
				CLANG_ENABLE_MODULES = YES;
				CLANG_ENABLE_OBJC_ARC = YES;
				CLANG_WARN_BOOL_CONVERSION = YES;
				CLANG_WARN_CONSTANT_CONVERSION = YES;
				CLANG_WARN_DIRECT_OBJC_ISA_USAGE = YES_ERROR;
				CLANG_WARN_EMPTY_BODY = YES;
				CLANG_WARN_ENUM_CONVERSION = YES;
				CLANG_WARN_INT_CONVERSION = YES;
				CLANG_WARN_OBJC_ROOT_CLASS = YES_ERROR;
				CLANG_WARN_UNREACHABLE_CODE = YES;
				CLANG_WARN__DUPLICATE_METHOD_MATCH = YES;
				"CODE_SIGN_IDENTITY[sdk=iphoneos*]" = "iPhone Developer";
				COPY_PHASE_STRIP = YES;
				ENABLE_NS_ASSERTIONS = NO;
				ENABLE_STRICT_OBJC_MSGSEND = YES;
				GCC_C_LANGUAGE_STANDARD = gnu99;
				GCC_WARN_64_TO_32_BIT_CONVERSION = YES;
				GCC_WARN_ABOUT_RETURN_TYPE = YES_ERROR;
				GCC_WARN_UNDECLARED_SELECTOR = YES;
				GCC_WARN_UNINITIALIZED_AUTOS = YES_AGGRESSIVE;
				GCC_WARN_UNUSED_FUNCTION = YES;
				GCC_WARN_UNUSED_VARIABLE = YES;
				IPHONEOS_DEPLOYMENT_TARGET = 8.1;
				MTL_ENABLE_DEBUG_INFO = NO;
				SDKROOT = iphoneos;
				VALIDATE_PRODUCT = YES;
			};
			name = Release;
		};
		273424241A07EF760082F02E /* Debug */ = {
			isa = XCBuildConfiguration;
			buildSettings = {
				ASSETCATALOG_COMPILER_APPICON_NAME = AppIcon;
				INFOPLIST_FILE = BlurrySideBar/Info.plist;
				LD_RUNPATH_SEARCH_PATHS = "$(inherited) @executable_path/Frameworks";
				PRODUCT_NAME = "$(TARGET_NAME)";
			};
			name = Debug;
		};
		273424251A07EF760082F02E /* Release */ = {
			isa = XCBuildConfiguration;
			buildSettings = {
				ASSETCATALOG_COMPILER_APPICON_NAME = AppIcon;
				INFOPLIST_FILE = BlurrySideBar/Info.plist;
				LD_RUNPATH_SEARCH_PATHS = "$(inherited) @executable_path/Frameworks";
				PRODUCT_NAME = "$(TARGET_NAME)";
			};
			name = Release;
		};
		273424271A07EF760082F02E /* Debug */ = {
			isa = XCBuildConfiguration;
			buildSettings = {
				BUNDLE_LOADER = "$(TEST_HOST)";
				FRAMEWORK_SEARCH_PATHS = (
					"$(SDKROOT)/Developer/Library/Frameworks",
					"$(inherited)",
				);
				GCC_PREPROCESSOR_DEFINITIONS = (
					"DEBUG=1",
					"$(inherited)",
				);
				INFOPLIST_FILE = BlurrySideBarTests/Info.plist;
				LD_RUNPATH_SEARCH_PATHS = "$(inherited) @executable_path/Frameworks @loader_path/Frameworks";
				PRODUCT_NAME = "$(TARGET_NAME)";
				TEST_HOST = "$(BUILT_PRODUCTS_DIR)/BlurrySideBar.app/BlurrySideBar";
			};
			name = Debug;
		};
		273424281A07EF760082F02E /* Release */ = {
			isa = XCBuildConfiguration;
			buildSettings = {
				BUNDLE_LOADER = "$(TEST_HOST)";
				FRAMEWORK_SEARCH_PATHS = (
					"$(SDKROOT)/Developer/Library/Frameworks",
					"$(inherited)",
				);
				INFOPLIST_FILE = BlurrySideBarTests/Info.plist;
				LD_RUNPATH_SEARCH_PATHS = "$(inherited) @executable_path/Frameworks @loader_path/Frameworks";
				PRODUCT_NAME = "$(TARGET_NAME)";
				TEST_HOST = "$(BUILT_PRODUCTS_DIR)/BlurrySideBar.app/BlurrySideBar";
			};
			name = Release;
		};
/* End XCBuildConfiguration section */

/* Begin XCConfigurationList section */
		273423FF1A07EF760082F02E /* Build configuration list for PBXProject "BlurrySideBar" */ = {
			isa = XCConfigurationList;
			buildConfigurations = (
				273424211A07EF760082F02E /* Debug */,
				273424221A07EF760082F02E /* Release */,
			);
			defaultConfigurationIsVisible = 0;
			defaultConfigurationName = Release;
		};
		273424231A07EF760082F02E /* Build configuration list for PBXNativeTarget "BlurrySideBar" */ = {
			isa = XCConfigurationList;
			buildConfigurations = (
				273424241A07EF760082F02E /* Debug */,
				273424251A07EF760082F02E /* Release */,
			);
			defaultConfigurationIsVisible = 0;
		};
		273424261A07EF760082F02E /* Build configuration list for PBXNativeTarget "BlurrySideBarTests" */ = {
			isa = XCConfigurationList;
			buildConfigurations = (
				273424271A07EF760082F02E /* Debug */,
				273424281A07EF760082F02E /* Release */,
			);
			defaultConfigurationIsVisible = 0;
		};
/* End XCConfigurationList section */
	};
	rootObject = 273423FC1A07EF760082F02E /* Project object */;
}
